<Solution>
  <Project Path="ConsoleApp1/ConsoleApp1.csproj" />
  <Project Path="DataAccess/DataAccess.csproj" />
  <Project Path="Services/TaskFactory.Common.csproj" Id="33e425fb-19a5-417c-b84a-99293f43a555" />
  <Project Path="TaskFactory.ConsoleApp/TaskFactory.ConsoleApp.csproj" Id="834b1338-ce6d-41f5-a8ee-4dbc53be99d4" />
  <Project Path="TaskFactory/TaskFactory.csproj" Id="9aef97f6-5802-4ce9-8a46-2ac1c4c1e1ed" />
</Solution>
